
Microsoft Visual Studio Solution File, Format Version 12.00
# Visual Studio Version 18
VisualStudioVersion = 18.3.11527.330 d18.3
MinimumVisualStudioVersion = 10.0.40219.1
Project("{FAE04EC0-301F-11D3-BF4B-00C04F79EFBC}") = "TurnosMedicos", "TurnosMedicos.csproj", "{27241159-3112-F5C9-3552-985FF251E14A}"
EndProject
Global
	GlobalSection(SolutionConfigurationPlatforms) = preSolution
		Debug|Any CPU = Debug|Any CPU
		Release|Any CPU = Release|Any CPU
	EndGlobalSection
	GlobalSection(ProjectConfigurationPlatforms) = postSolution
		{27241159-3112-F5C9-3552-985FF251E14A}.Debug|Any CPU.ActiveCfg = Debug|Any CPU
		{27241159-3112-F5C9-3552-985FF251E14A}.Debug|Any CPU.Build.0 = Debug|Any CPU
		{27241159-3112-F5C9-3552-985FF251E14A}.Release|Any CPU.ActiveCfg = Release|Any CPU
		{27241159-3112-F5C9-3552-985FF251E14A}.Release|Any CPU.Build.0 = Release|Any CPU
	EndGlobalSection
	GlobalSection(SolutionProperties) = preSolution
		HideSolutionNode = FALSE
	EndGlobalSection
	GlobalSection(ExtensibilityGlobals) = postSolution
		SolutionGuid = {0185DA0D-0BAA-47A7-879D-2002EB4AB71C}
	EndGlobalSection
EndGlobal
